// !$*UTF8*$!
{
	archiveVersion = 1;
	classes = {
	};
	objectVersion = 46;
	objects = {

/* Begin PBXBuildFile section */
		C3198CEB1CBFAB5A00FD0AD5 /* main.c in Sources */ = {isa = PBXBuildFile; fileRef = C3198CEA1CBFAB5A00FD0AD5 /* main.c */; };
/* End PBXBuildFile section */

/* Begin PBXCopyFilesBuildPhase section */
		C3198CE51CBFAB5A00FD0AD5 /* CopyFiles */ = {
			isa = PBXCopyFilesBuildPhase;
			buildActionMask = 2147483647;
			dstPath = /usr/share/man/man1/;
			dstSubfolderSpec = 0;
			files = (
			);
			runOnlyForDeploymentPostprocessing = 1;
		};
/* End PBXCopyFilesBuildPhase section */

/* Begin PBXFileReference section */
		C3198CE71CBFAB5A00FD0AD5 /* Pthread_join */ = {isa = PBXFileReference; explicitFileType = "compiled.mach-o.executable"; includeInIndex = 0; path = Pthread_join; sourceTree = BUILT_PRODUCTS_DIR; };
		C3198CEA1CBFAB5A00FD0AD5 /* main.c */ = {isa = PBXFileReference; lastKnownFileType = sourcecode.c.c; path = main.c; sourceTree = "<group>"; };
/* End PBXFileReference section */

/* Begin PBXFrameworksBuildPhase section */
		C3198CE41CBFAB5A00FD0AD5 /* Frameworks */ = {
			isa = PBXFrameworksBuildPhase;
			buildActionMask = 2147483647;
			files = (
			);
			runOnlyForDeploymentPostprocessing = 0;
		};
/* End PBXFrameworksBuildPhase section */

/* Begin PBXGroup section */
		C3198CDE1CBFAB5A00FD0AD5 = {
			isa = PBXGroup;
			children = (
				C3198CE91CBFAB5A00FD0AD5 /* Pthread_join */,
				C3198CE81CBFAB5A00FD0AD5 /* Products */,
			);
			sourceTree = "<group>";
		};
		C3198CE81CBFAB5A00FD0AD5 /* Products */ = {
			isa = PBXGroup;
			children = (
				C3198CE71CBFAB5A00FD0AD5 /* Pthread_join */,
			);
			name = Products;
			sourceTree = "<group>";
		};
		C3198CE91CBFAB5A00FD0AD5 /* Pthread_join */ = {
			isa = PBXGroup;
			children = (
				C3198CEA1CBFAB5A00FD0AD5 /* main.c */,
			);
			path = Pthread_join;
			sourceTree = "<group>";
		};
/* End PBXGroup section */

/* Begin PBXNativeTarget section */
		C3198CE61CBFAB5A00FD0AD5 /* Pthread_join */ = {
			isa = PBXNativeTarget;
			buildConfigurationList = C3198CEE1CBFAB5A00FD0AD5 /* Build configuration list for PBXNativeTarget "Pthread_join" */;
			buildPhases = (
				C3198CE31CBFAB5A00FD0AD5 /* Sources */,
				C3198CE41CBFAB5A00FD0AD5 /* Frameworks */,
				C3198CE51CBFAB5A00FD0AD5 /* CopyFiles */,
			);
			buildRules = (
			);
			dependencies = (
			);
			name = Pthread_join;
			productName = Pthread_join;
			productReference = C3198CE71CBFAB5A00FD0AD5 /* Pthread_join */;
			productType = "com.apple.product-type.tool";
		};
/* End PBXNativeTarget section */

/* Begin PBXProject section */
		C3198CDF1CBFAB5A00FD0AD5 /* Project object */ = {
			isa = PBXProject;
			attributes = {
				LastUpgradeCheck = 0630;
				ORGANIZATIONNAME = jimmygao;
				TargetAttributes = {
					C3198CE61CBFAB5A00FD0AD5 = {
						CreatedOnToolsVersion = 6.3.2;
					};
				};
			};
			buildConfigurationList = C3198CE21CBFAB5A00FD0AD5 /* Build configuration list for PBXProject "Pthread_join" */;
			compatibilityVersion = "Xcode 3.2";
			developmentRegion = English;
			hasScannedForEncodings = 0;
			knownRegions = (
				en,
			);
			mainGroup = C3198CDE1CBFAB5A00FD0AD5;
			productRefGroup = C3198CE81CBFAB5A00FD0AD5 /* Products */;
			projectDirPath = "";
			projectRoot = "";
			targets = (
				C3198CE61CBFAB5A00FD0AD5 /* Pthread_join */,
			);
		};
/* End PBXProject section */

/* Begin PBXSourcesBuildPhase section */
		C3198CE31CBFAB5A00FD0AD5 /* Sources */ = {
			isa = PBXSourcesBuildPhase;
			buildActionMask = 2147483647;
			files = (
				C3198CEB1CBFAB5A00FD0AD5 /* main.c in Sources */,
			);
			runOnlyForDeploymentPostprocessing = 0;
		};
/* End PBXSourcesBuildPhase section */

/* Begin XCBuildConfiguration section */
		C3198CEC1CBFAB5A00FD0AD5 /* Debug */ = {
			isa = XCBuildConfiguration;
			buildSettings = {
				ALWAYS_SEARCH_USER_PATHS = NO;
				CLANG_CXX_LANGUAGE_STANDARD = "gnu++0x";
				CLANG_CXX_LIBRARY = "libc++";
				CLANG_ENABLE_MODULES = YES;
				CLANG_ENABLE_OBJC_ARC = YES;
				CLANG_WARN_BOOL_CONVERSION = YES;
				CLANG_WARN_CONSTANT_CONVERSION = YES;
				CLANG_WARN_DIRECT_OBJC_ISA_USAGE = YES_ERROR;
				CLANG_WARN_EMPTY_BODY = YES;
				CLANG_WARN_ENUM_CONVERSION = YES;
				CLANG_WARN_INT_CONVERSION = YES;
				CLANG_WARN_OBJC_ROOT_CLASS = YES_ERROR;
				CLANG_WARN_UNREACHABLE_CODE = YES;
				CLANG_WARN__DUPLICATE_METHOD_MATCH = YES;
				COPY_PHASE_STRIP = NO;
				DEBUG_INFORMATION_FORMAT = dwarf;
				ENABLE_STRICT_OBJC_MSGSEND = YES;
				GCC_C_LANGUAGE_STANDARD = gnu99;
				GCC_DYNAMIC_NO_PIC = NO;
				GCC_NO_COMMON_BLOCKS = YES;
				GCC_OPTIMIZATION_LEVEL = 0;
				GCC_PREPROCESSOR_DEFINITIONS = (
					"DEBUG=1",
					"$(inherited)",
				);
				GCC_SYMBOLS_PRIVATE_EXTERN = NO;
				GCC_WARN_64_TO_32_BIT_CONVERSION = YES;
				GCC_WARN_ABOUT_RETURN_TYPE = YES_ERROR;
				GCC_WARN_UNDECLARED_SELECTOR = YES;
				GCC_WARN_UNINITIALIZED_AUTOS = YES_AGGRESSIVE;
				GCC_WARN_UNUSED_FUNCTION = YES;
				GCC_WARN_UNUSED_VARIABLE = YES;
				MACOSX_DEPLOYMENT_TARGET = 10.11;
				MTL_ENABLE_DEBUG_INFO = YES;
				ONLY_ACTIVE_ARCH = YES;
				SDKROOT = macosx;
			};
			name = Debug;
		};
		C3198CED1CBFAB5A00FD0AD5 /* Release */ = {
			isa = XCBuildConfiguration;
			buildSettings = {
				ALWAYS_SEARCH_USER_PATHS = NO;
				CLANG_CXX_LANGUAGE_STANDARD = "gnu++0x";
				CLANG_CXX_LIBRARY = "libc++";
				CLANG_ENABLE_MODULES = YES;
				CLANG_ENABLE_OBJC_ARC = YES;
				CLANG_WARN_BOOL_CONVERSION = YES;
				CLANG_WARN_CONSTANT_CONVERSION = YES;
				CLANG_WARN_DIRECT_OBJC_ISA_USAGE = YES_ERROR;
				CLANG_WARN_EMPTY_BODY = YES;
				CLANG_WARN_ENUM_CONVERSION = YES;
				CLANG_WARN_INT_CONVERSION = YES;
				CLANG_WARN_OBJC_ROOT_CLASS = YES_ERROR;
				CLANG_WARN_UNREACHABLE_CODE = YES;
				CLANG_WARN__DUPLICATE_METHOD_MATCH = YES;
				COPY_PHASE_STRIP = NO;
				DEBUG_INFORMATION_FORMAT = "dwarf-with-dsym";
				ENABLE_NS_ASSERTIONS = NO;
				ENABLE_STRICT_OBJC_MSGSEND = YES;
				GCC_C_LANGUAGE_STANDARD = gnu99;
				GCC_NO_COMMON_BLOCKS = YES;
				GCC_WARN_64_TO_32_BIT_CONVERSION = YES;
				GCC_WARN_ABOUT_RETURN_TYPE = YES_ERROR;
				GCC_WARN_UNDECLARED_SELECTOR = YES;
				GCC_WARN_UNINITIALIZED_AUTOS = YES_AGGRESSIVE;
				GCC_WARN_UNUSED_FUNCTION = YES;
				GCC_WARN_UNUSED_VARIABLE = YES;
				MACOSX_DEPLOYMENT_TARGET = 10.11;
				MTL_ENABLE_DEBUG_INFO = NO;
				SDKROOT = macosx;
			};
			name = Release;
		};
		C3198CEF1CBFAB5A00FD0AD5 /* Debug */ = {
			isa = XCBuildConfiguration;
			buildSettings = {
				PRODUCT_NAME = "$(TARGET_NAME)";
			};
			name = Debug;
		};
		C3198CF01CBFAB5A00FD0AD5 /* Release */ = {
			isa = XCBuildConfiguration;
			buildSettings = {
				PRODUCT_NAME = "$(TARGET_NAME)";
			};
			name = Release;
		};
/* End XCBuildConfiguration section */

/* Begin XCConfigurationList section */
		C3198CE21CBFAB5A00FD0AD5 /* Build configuration list for PBXProject "Pthread_join" */ = {
			isa = XCConfigurationList;
			buildConfigurations = (
				C3198CEC1CBFAB5A00FD0AD5 /* Debug */,
				C3198CED1CBFAB5A00FD0AD5 /* Release */,
			);
			defaultConfigurationIsVisible = 0;
			defaultConfigurationName = Release;
		};
		C3198CEE1CBFAB5A00FD0AD5 /* Build configuration list for PBXNativeTarget "Pthread_join" */ = {
			isa = XCConfigurationList;
			buildConfigurations = (
				C3198CEF1CBFAB5A00FD0AD5 /* Debug */,
				C3198CF01CBFAB5A00FD0AD5 /* Release */,
			);
			defaultConfigurationIsVisible = 0;
		};
/* End XCConfigurationList section */
	};
	rootObject = C3198CDF1CBFAB5A00FD0AD5 /* Project object */;
}
